
Microsoft Visual Studio Solution File, Format Version 12.00
# Visual Studio Version 16
VisualStudioVersion = 16.0.29102.190
MinimumVisualStudioVersion = 10.0.40219.1
Project("{FAE04EC0-301F-11D3-BF4B-00C04F79EFBC}") = "DragonOCR", "DragonOCR\DragonOCR.csproj", "{6714D944-0BA2-42BF-ABCE-7E0689C6C3A7}"
EndProject
Global
	GlobalSection(SolutionConfigurationPlatforms) = preSolution
		Debug|Any CPU = Debug|Any CPU
		Release|Any CPU = Release|Any CPU
	EndGlobalSection
	GlobalSection(ProjectConfigurationPlatforms) = postSolution
		{6714D944-0BA2-42BF-ABCE-7E0689C6C3A7}.Debug|Any CPU.ActiveCfg = Debug|Any CPU
		{6714D944-0BA2-42BF-ABCE-7E0689C6C3A7}.Debug|Any CPU.Build.0 = Debug|Any CPU
		{6714D944-0BA2-42BF-ABCE-7E0689C6C3A7}.Release|Any CPU.ActiveCfg = Release|Any CPU
		{6714D944-0BA2-42BF-ABCE-7E0689C6C3A7}.Release|Any CPU.Build.0 = Release|Any CPU
	EndGlobalSection
	GlobalSection(SolutionProperties) = preSolution
		HideSolutionNode = FALSE
	EndGlobalSection
	GlobalSection(ExtensibilityGlobals) = postSolution
		SolutionGuid = {48862ED8-16E2-4206-97FA-2CA3844F6312}
	EndGlobalSection
EndGlobal
